// !$*UTF8*$!
{
	archiveVersion = 1;
	classes = {
	};
	objectVersion = 46;
	objects = {

/* Begin PBXBuildFile section */
		CC183CB41974D5B6001C6E9C /* Foundation.framework in Frameworks */ = {isa = PBXBuildFile; fileRef = CC183CB31974D5B6001C6E9C /* Foundation.framework */; };
		CC183CB61974D5B6001C6E9C /* CoreGraphics.framework in Frameworks */ = {isa = PBXBuildFile; fileRef = CC183CB51974D5B6001C6E9C /* CoreGraphics.framework */; };
		CC183CB81974D5B6001C6E9C /* UIKit.framework in Frameworks */ = {isa = PBXBuildFile; fileRef = CC183CB71974D5B6001C6E9C /* UIKit.framework */; };
		CC183CBE1974D5B6001C6E9C /* InfoPlist.strings in Resources */ = {isa = PBXBuildFile; fileRef = CC183CBC1974D5B6001C6E9C /* InfoPlist.strings */; };
		CC183CC01974D5B6001C6E9C /* main.m in Sources */ = {isa = PBXBuildFile; fileRef = CC183CBF1974D5B6001C6E9C /* main.m */; };
		CC183CC41974D5B6001C6E9C /* QYAppDelegate.m in Sources */ = {isa = PBXBuildFile; fileRef = CC183CC31974D5B6001C6E9C /* QYAppDelegate.m */; };
		CC183CC71974D5B6001C6E9C /* Main.storyboard in Resources */ = {isa = PBXBuildFile; fileRef = CC183CC51974D5B6001C6E9C /* Main.storyboard */; };
		CC183CCA1974D5B6001C6E9C /* QYViewController.m in Sources */ = {isa = PBXBuildFile; fileRef = CC183CC91974D5B6001C6E9C /* QYViewController.m */; };
		CC183CCC1974D5B6001C6E9C /* Images.xcassets in Resources */ = {isa = PBXBuildFile; fileRef = CC183CCB1974D5B6001C6E9C /* Images.xcassets */; };
		CC183CD31974D5B6001C6E9C /* XCTest.framework in Frameworks */ = {isa = PBXBuildFile; fileRef = CC183CD21974D5B6001C6E9C /* XCTest.framework */; };
		CC183CD41974D5B6001C6E9C /* Foundation.framework in Frameworks */ = {isa = PBXBuildFile; fileRef = CC183CB31974D5B6001C6E9C /* Foundation.framework */; };
		CC183CD51974D5B6001C6E9C /* UIKit.framework in Frameworks */ = {isa = PBXBuildFile; fileRef = CC183CB71974D5B6001C6E9C /* UIKit.framework */; };
		CC183CDD1974D5B6001C6E9C /* InfoPlist.strings in Resources */ = {isa = PBXBuildFile; fileRef = CC183CDB1974D5B6001C6E9C /* InfoPlist.strings */; };
		CC183CDF1974D5B6001C6E9C /* JSONKitSampleTests.m in Sources */ = {isa = PBXBuildFile; fileRef = CC183CDE1974D5B6001C6E9C /* JSONKitSampleTests.m */; };
		CC183CED1974D5C6001C6E9C /* CHANGELOG.md in Resources */ = {isa = PBXBuildFile; fileRef = CC183CE91974D5C6001C6E9C /* CHANGELOG.md */; };
		CC183CEE1974D5C6001C6E9C /* JSONKit.m in Sources */ = {isa = PBXBuildFile; fileRef = CC183CEB1974D5C6001C6E9C /* JSONKit.m */; settings = {COMPILER_FLAGS = "-fno-objc-arc"; }; };
		CC183CEF1974D5C6001C6E9C /* README.md in Resources */ = {isa = PBXBuildFile; fileRef = CC183CEC1974D5C6001C6E9C /* README.md */; };
		CC183CF31974D61F001C6E9C /* person.json in Resources */ = {isa = PBXBuildFile; fileRef = CC183CF01974D61F001C6E9C /* person.json */; };
		CC183CF41974D61F001C6E9C /* QYPerson.m in Sources */ = {isa = PBXBuildFile; fileRef = CC183CF21974D61F001C6E9C /* QYPerson.m */; };
/* End PBXBuildFile section */

/* Begin PBXContainerItemProxy section */
		CC183CD61974D5B6001C6E9C /* PBXContainerItemProxy */ = {
			isa = PBXContainerItemProxy;
			containerPortal = CC183CA81974D5B5001C6E9C /* Project object */;
			proxyType = 1;
			remoteGlobalIDString = CC183CAF1974D5B6001C6E9C;
			remoteInfo = JSONKitSample;
		};
/* End PBXContainerItemProxy section */

/* Begin PBXFileReference section */
		CC183CB01974D5B6001C6E9C /* JSONKitSample.app */ = {isa = PBXFileReference; explicitFileType = wrapper.application; includeInIndex = 0; path = JSONKitSample.app; sourceTree = BUILT_PRODUCTS_DIR; };
		CC183CB31974D5B6001C6E9C /* Foundation.framework */ = {isa = PBXFileReference; lastKnownFileType = wrapper.framework; name = Foundation.framework; path = System/Library/Frameworks/Foundation.framework; sourceTree = SDKROOT; };
		CC183CB51974D5B6001C6E9C /* CoreGraphics.framework */ = {isa = PBXFileReference; lastKnownFileType = wrapper.framework; name = CoreGraphics.framework; path = System/Library/Frameworks/CoreGraphics.framework; sourceTree = SDKROOT; };
		CC183CB71974D5B6001C6E9C /* UIKit.framework */ = {isa = PBXFileReference; lastKnownFileType = wrapper.framework; name = UIKit.framework; path = System/Library/Frameworks/UIKit.framework; sourceTree = SDKROOT; };
		CC183CBB1974D5B6001C6E9C /* JSONKitSample-Info.plist */ = {isa = PBXFileReference; lastKnownFileType = text.plist.xml; path = "JSONKitSample-Info.plist"; sourceTree = "<group>"; };
		CC183CBD1974D5B6001C6E9C /* en */ = {isa = PBXFileReference; lastKnownFileType = text.plist.strings; name = en; path = en.lproj/InfoPlist.strings; sourceTree = "<group>"; };
		CC183CBF1974D5B6001C6E9C /* main.m */ = {isa = PBXFileReference; lastKnownFileType = sourcecode.c.objc; path = main.m; sourceTree = "<group>"; };
		CC183CC11974D5B6001C6E9C /* JSONKitSample-Prefix.pch */ = {isa = PBXFileReference; lastKnownFileType = sourcecode.c.h; path = "JSONKitSample-Prefix.pch"; sourceTree = "<group>"; };
		CC183CC21974D5B6001C6E9C /* QYAppDelegate.h */ = {isa = PBXFileReference; lastKnownFileType = sourcecode.c.h; path = QYAppDelegate.h; sourceTree = "<group>"; };
		CC183CC31974D5B6001C6E9C /* QYAppDelegate.m */ = {isa = PBXFileReference; lastKnownFileType = sourcecode.c.objc; path = QYAppDelegate.m; sourceTree = "<group>"; };
		CC183CC61974D5B6001C6E9C /* Base */ = {isa = PBXFileReference; lastKnownFileType = file.storyboard; name = Base; path = Base.lproj/Main.storyboard; sourceTree = "<group>"; };
		CC183CC81974D5B6001C6E9C /* QYViewController.h */ = {isa = PBXFileReference; lastKnownFileType = sourcecode.c.h; path = QYViewController.h; sourceTree = "<group>"; };
		CC183CC91974D5B6001C6E9C /* QYViewController.m */ = {isa = PBXFileReference; lastKnownFileType = sourcecode.c.objc; path = QYViewController.m; sourceTree = "<group>"; };
		CC183CCB1974D5B6001C6E9C /* Images.xcassets */ = {isa = PBXFileReference; lastKnownFileType = folder.assetcatalog; path = Images.xcassets; sourceTree = "<group>"; };
		CC183CD11974D5B6001C6E9C /* JSONKitSampleTests.xctest */ = {isa = PBXFileReference; explicitFileType = wrapper.cfbundle; includeInIndex = 0; path = JSONKitSampleTests.xctest; sourceTree = BUILT_PRODUCTS_DIR; };
		CC183CD21974D5B6001C6E9C /* XCTest.framework */ = {isa = PBXFileReference; lastKnownFileType = wrapper.framework; name = XCTest.framework; path = Library/Frameworks/XCTest.framework; sourceTree = DEVELOPER_DIR; };
		CC183CDA1974D5B6001C6E9C /* JSONKitSampleTests-Info.plist */ = {isa = PBXFileReference; lastKnownFileType = text.plist.xml; path = "JSONKitSampleTests-Info.plist"; sourceTree = "<group>"; };
		CC183CDC1974D5B6001C6E9C /* en */ = {isa = PBXFileReference; lastKnownFileType = text.plist.strings; name = en; path = en.lproj/InfoPlist.strings; sourceTree = "<group>"; };
		CC183CDE1974D5B6001C6E9C /* JSONKitSampleTests.m */ = {isa = PBXFileReference; lastKnownFileType = sourcecode.c.objc; path = JSONKitSampleTests.m; sourceTree = "<group>"; };
		CC183CE91974D5C6001C6E9C /* CHANGELOG.md */ = {isa = PBXFileReference; fileEncoding = 4; lastKnownFileType = text; path = CHANGELOG.md; sourceTree = "<group>"; };
		CC183CEA1974D5C6001C6E9C /* JSONKit.h */ = {isa = PBXFileReference; fileEncoding = 4; lastKnownFileType = sourcecode.c.h; path = JSONKit.h; sourceTree = "<group>"; };
		CC183CEB1974D5C6001C6E9C /* JSONKit.m */ = {isa = PBXFileReference; fileEncoding = 4; lastKnownFileType = sourcecode.c.objc; path = JSONKit.m; sourceTree = "<group>"; };
		CC183CEC1974D5C6001C6E9C /* README.md */ = {isa = PBXFileReference; fileEncoding = 4; lastKnownFileType = text; path = README.md; sourceTree = "<group>"; };
		CC183CF01974D61F001C6E9C /* person.json */ = {isa = PBXFileReference; fileEncoding = 4; lastKnownFileType = text.json; path = person.json; sourceTree = "<group>"; };
		CC183CF11974D61F001C6E9C /* QYPerson.h */ = {isa = PBXFileReference; fileEncoding = 4; lastKnownFileType = sourcecode.c.h; path = QYPerson.h; sourceTree = "<group>"; };
		CC183CF21974D61F001C6E9C /* QYPerson.m */ = {isa = PBXFileReference; fileEncoding = 4; lastKnownFileType = sourcecode.c.objc; path = QYPerson.m; sourceTree = "<group>"; };
/* End PBXFileReference section */

/* Begin PBXFrameworksBuildPhase section */
		CC183CAD1974D5B6001C6E9C /* Frameworks */ = {
			isa = PBXFrameworksBuildPhase;
			buildActionMask = 2147483647;
			files = (
				CC183CB61974D5B6001C6E9C /* CoreGraphics.framework in Frameworks */,
				CC183CB81974D5B6001C6E9C /* UIKit.framework in Frameworks */,
				CC183CB41974D5B6001C6E9C /* Foundation.framework in Frameworks */,
			);
			runOnlyForDeploymentPostprocessing = 0;
		};
		CC183CCE1974D5B6001C6E9C /* Frameworks */ = {
			isa = PBXFrameworksBuildPhase;
			buildActionMask = 2147483647;
			files = (
				CC183CD31974D5B6001C6E9C /* XCTest.framework in Frameworks */,
				CC183CD51974D5B6001C6E9C /* UIKit.framework in Frameworks */,
				CC183CD41974D5B6001C6E9C /* Foundation.framework in Frameworks */,
			);
			runOnlyForDeploymentPostprocessing = 0;
		};
/* End PBXFrameworksBuildPhase section */

/* Begin PBXGroup section */
		CC183CA71974D5B5001C6E9C = {
			isa = PBXGroup;
			children = (
				CC183CB91974D5B6001C6E9C /* JSONKitSample */,
				CC183CD81974D5B6001C6E9C /* JSONKitSampleTests */,
				CC183CB21974D5B6001C6E9C /* Frameworks */,
				CC183CB11974D5B6001C6E9C /* Products */,
			);
			sourceTree = "<group>";
		};
		CC183CB11974D5B6001C6E9C /* Products */ = {
			isa = PBXGroup;
			children = (
				CC183CB01974D5B6001C6E9C /* JSONKitSample.app */,
				CC183CD11974D5B6001C6E9C /* JSONKitSampleTests.xctest */,
			);
			name = Products;
			sourceTree = "<group>";
		};
		CC183CB21974D5B6001C6E9C /* Frameworks */ = {
			isa = PBXGroup;
			children = (
				CC183CB31974D5B6001C6E9C /* Foundation.framework */,
				CC183CB51974D5B6001C6E9C /* CoreGraphics.framework */,
				CC183CB71974D5B6001C6E9C /* UIKit.framework */,
				CC183CD21974D5B6001C6E9C /* XCTest.framework */,
			);
			name = Frameworks;
			sourceTree = "<group>";
		};
		CC183CB91974D5B6001C6E9C /* JSONKitSample */ = {
			isa = PBXGroup;
			children = (
				CC183CE81974D5C6001C6E9C /* JSONKit */,
				CC183CC21974D5B6001C6E9C /* QYAppDelegate.h */,
				CC183CC31974D5B6001C6E9C /* QYAppDelegate.m */,
				CC183CC51974D5B6001C6E9C /* Main.storyboard */,
				CC183CC81974D5B6001C6E9C /* QYViewController.h */,
				CC183CC91974D5B6001C6E9C /* QYViewController.m */,
				CC183CF11974D61F001C6E9C /* QYPerson.h */,
				CC183CF21974D61F001C6E9C /* QYPerson.m */,
				CC183CCB1974D5B6001C6E9C /* Images.xcassets */,
				CC183CBA1974D5B6001C6E9C /* Supporting Files */,
			);
			path = JSONKitSample;
			sourceTree = "<group>";
		};
		CC183CBA1974D5B6001C6E9C /* Supporting Files */ = {
			isa = PBXGroup;
			children = (
				CC183CF01974D61F001C6E9C /* person.json */,
				CC183CBB1974D5B6001C6E9C /* JSONKitSample-Info.plist */,
				CC183CBC1974D5B6001C6E9C /* InfoPlist.strings */,
				CC183CBF1974D5B6001C6E9C /* main.m */,
				CC183CC11974D5B6001C6E9C /* JSONKitSample-Prefix.pch */,
			);
			name = "Supporting Files";
			sourceTree = "<group>";
		};
		CC183CD81974D5B6001C6E9C /* JSONKitSampleTests */ = {
			isa = PBXGroup;
			children = (
				CC183CDE1974D5B6001C6E9C /* JSONKitSampleTests.m */,
				CC183CD91974D5B6001C6E9C /* Supporting Files */,
			);
			path = JSONKitSampleTests;
			sourceTree = "<group>";
		};
		CC183CD91974D5B6001C6E9C /* Supporting Files */ = {
			isa = PBXGroup;
			children = (
				CC183CDA1974D5B6001C6E9C /* JSONKitSampleTests-Info.plist */,
				CC183CDB1974D5B6001C6E9C /* InfoPlist.strings */,
			);
			name = "Supporting Files";
			sourceTree = "<group>";
		};
		CC183CE81974D5C6001C6E9C /* JSONKit */ = {
			isa = PBXGroup;
			children = (
				CC183CE91974D5C6001C6E9C /* CHANGELOG.md */,
				CC183CEA1974D5C6001C6E9C /* JSONKit.h */,
				CC183CEB1974D5C6001C6E9C /* JSONKit.m */,
				CC183CEC1974D5C6001C6E9C /* README.md */,
			);
			path = JSONKit;
			sourceTree = "<group>";
		};
/* End PBXGroup section */

/* Begin PBXNativeTarget section */
		CC183CAF1974D5B6001C6E9C /* JSONKitSample */ = {
			isa = PBXNativeTarget;
			buildConfigurationList = CC183CE21974D5B6001C6E9C /* Build configuration list for PBXNativeTarget "JSONKitSample" */;
			buildPhases = (
				CC183CAC1974D5B6001C6E9C /* Sources */,
				CC183CAD1974D5B6001C6E9C /* Frameworks */,
				CC183CAE1974D5B6001C6E9C /* Resources */,
			);
			buildRules = (
			);
			dependencies = (
			);
			name = JSONKitSample;
			productName = JSONKitSample;
			productReference = CC183CB01974D5B6001C6E9C /* JSONKitSample.app */;
			productType = "com.apple.product-type.application";
		};
		CC183CD01974D5B6001C6E9C /* JSONKitSampleTests */ = {
			isa = PBXNativeTarget;
			buildConfigurationList = CC183CE51974D5B6001C6E9C /* Build configuration list for PBXNativeTarget "JSONKitSampleTests" */;
			buildPhases = (
				CC183CCD1974D5B6001C6E9C /* Sources */,
				CC183CCE1974D5B6001C6E9C /* Frameworks */,
				CC183CCF1974D5B6001C6E9C /* Resources */,
			);
			buildRules = (
			);
			dependencies = (
				CC183CD71974D5B6001C6E9C /* PBXTargetDependency */,
			);
			name = JSONKitSampleTests;
			productName = JSONKitSampleTests;
			productReference = CC183CD11974D5B6001C6E9C /* JSONKitSampleTests.xctest */;
			productType = "com.apple.product-type.bundle.unit-test";
		};
/* End PBXNativeTarget section */

/* Begin PBXProject section */
		CC183CA81974D5B5001C6E9C /* Project object */ = {
			isa = PBXProject;
			attributes = {
				CLASSPREFIX = QY;
				LastUpgradeCheck = 0510;
				ORGANIZATIONNAME = "河南青云信息技术有限公司";
				TargetAttributes = {
					CC183CD01974D5B6001C6E9C = {
						TestTargetID = CC183CAF1974D5B6001C6E9C;
					};
				};
			};
			buildConfigurationList = CC183CAB1974D5B5001C6E9C /* Build configuration list for PBXProject "JSONKitSample" */;
			compatibilityVersion = "Xcode 3.2";
			developmentRegion = English;
			hasScannedForEncodings = 0;
			knownRegions = (
				en,
				Base,
			);
			mainGroup = CC183CA71974D5B5001C6E9C;
			productRefGroup = CC183CB11974D5B6001C6E9C /* Products */;
			projectDirPath = "";
			projectRoot = "";
			targets = (
				CC183CAF1974D5B6001C6E9C /* JSONKitSample */,
				CC183CD01974D5B6001C6E9C /* JSONKitSampleTests */,
			);
		};
/* End PBXProject section */

/* Begin PBXResourcesBuildPhase section */
		CC183CAE1974D5B6001C6E9C /* Resources */ = {
			isa = PBXResourcesBuildPhase;
			buildActionMask = 2147483647;
			files = (
				CC183CF31974D61F001C6E9C /* person.json in Resources */,
				CC183CCC1974D5B6001C6E9C /* Images.xcassets in Resources */,
				CC183CBE1974D5B6001C6E9C /* InfoPlist.strings in Resources */,
				CC183CEF1974D5C6001C6E9C /* README.md in Resources */,
				CC183CC71974D5B6001C6E9C /* Main.storyboard in Resources */,
				CC183CED1974D5C6001C6E9C /* CHANGELOG.md in Resources */,
			);
			runOnlyForDeploymentPostprocessing = 0;
		};
		CC183CCF1974D5B6001C6E9C /* Resources */ = {
			isa = PBXResourcesBuildPhase;
			buildActionMask = 2147483647;
			files = (
				CC183CDD1974D5B6001C6E9C /* InfoPlist.strings in Resources */,
			);
			runOnlyForDeploymentPostprocessing = 0;
		};
/* End PBXResourcesBuildPhase section */

/* Begin PBXSourcesBuildPhase section */
		CC183CAC1974D5B6001C6E9C /* Sources */ = {
			isa = PBXSourcesBuildPhase;
			buildActionMask = 2147483647;
			files = (
				CC183CC41974D5B6001C6E9C /* QYAppDelegate.m in Sources */,
				CC183CF41974D61F001C6E9C /* QYPerson.m in Sources */,
				CC183CC01974D5B6001C6E9C /* main.m in Sources */,
				CC183CEE1974D5C6001C6E9C /* JSONKit.m in Sources */,
				CC183CCA1974D5B6001C6E9C /* QYViewController.m in Sources */,
			);
			runOnlyForDeploymentPostprocessing = 0;
		};
		CC183CCD1974D5B6001C6E9C /* Sources */ = {
			isa = PBXSourcesBuildPhase;
			buildActionMask = 2147483647;
			files = (
				CC183CDF1974D5B6001C6E9C /* JSONKitSampleTests.m in Sources */,
			);
			runOnlyForDeploymentPostprocessing = 0;
		};
/* End PBXSourcesBuildPhase section */

/* Begin PBXTargetDependency section */
		CC183CD71974D5B6001C6E9C /* PBXTargetDependency */ = {
			isa = PBXTargetDependency;
			target = CC183CAF1974D5B6001C6E9C /* JSONKitSample */;
			targetProxy = CC183CD61974D5B6001C6E9C /* PBXContainerItemProxy */;
		};
/* End PBXTargetDependency section */

/* Begin PBXVariantGroup section */
		CC183CBC1974D5B6001C6E9C /* InfoPlist.strings */ = {
			isa = PBXVariantGroup;
			children = (
				CC183CBD1974D5B6001C6E9C /* en */,
			);
			name = InfoPlist.strings;
			sourceTree = "<group>";
		};
		CC183CC51974D5B6001C6E9C /* Main.storyboard */ = {
			isa = PBXVariantGroup;
			children = (
				CC183CC61974D5B6001C6E9C /* Base */,
			);
			name = Main.storyboard;
			sourceTree = "<group>";
		};
		CC183CDB1974D5B6001C6E9C /* InfoPlist.strings */ = {
			isa = PBXVariantGroup;
			children = (
				CC183CDC1974D5B6001C6E9C /* en */,
			);
			name = InfoPlist.strings;
			sourceTree = "<group>";
		};
/* End PBXVariantGroup section */

/* Begin XCBuildConfiguration section */
		CC183CE01974D5B6001C6E9C /* Debug */ = {
			isa = XCBuildConfiguration;
			buildSettings = {
				ALWAYS_SEARCH_USER_PATHS = NO;
				CLANG_CXX_LANGUAGE_STANDARD = "gnu++0x";
				CLANG_CXX_LIBRARY = "libc++";
				CLANG_ENABLE_MODULES = YES;
				CLANG_ENABLE_OBJC_ARC = YES;
				CLANG_WARN_BOOL_CONVERSION = YES;
				CLANG_WARN_CONSTANT_CONVERSION = YES;
				CLANG_WARN_DIRECT_OBJC_ISA_USAGE = YES_ERROR;
				CLANG_WARN_EMPTY_BODY = YES;
				CLANG_WARN_ENUM_CONVERSION = YES;
				CLANG_WARN_INT_CONVERSION = YES;
				CLANG_WARN_OBJC_ROOT_CLASS = YES_ERROR;
				CLANG_WARN__DUPLICATE_METHOD_MATCH = YES;
				"CODE_SIGN_IDENTITY[sdk=iphoneos*]" = "iPhone Developer";
				COPY_PHASE_STRIP = NO;
				GCC_C_LANGUAGE_STANDARD = gnu99;
				GCC_DYNAMIC_NO_PIC = NO;
				GCC_OPTIMIZATION_LEVEL = 0;
				GCC_PREPROCESSOR_DEFINITIONS = (
					"DEBUG=1",
					"$(inherited)",
				);
				GCC_SYMBOLS_PRIVATE_EXTERN = NO;
				GCC_WARN_64_TO_32_BIT_CONVERSION = YES;
				GCC_WARN_ABOUT_RETURN_TYPE = YES_ERROR;
				GCC_WARN_UNDECLARED_SELECTOR = YES;
				GCC_WARN_UNINITIALIZED_AUTOS = YES_AGGRESSIVE;
				GCC_WARN_UNUSED_FUNCTION = YES;
				GCC_WARN_UNUSED_VARIABLE = YES;
				IPHONEOS_DEPLOYMENT_TARGET = 7.1;
				ONLY_ACTIVE_ARCH = YES;
				SDKROOT = iphoneos;
			};
			name = Debug;
		};
		CC183CE11974D5B6001C6E9C /* Release */ = {
			isa = XCBuildConfiguration;
			buildSettings = {
				ALWAYS_SEARCH_USER_PATHS = NO;
				CLANG_CXX_LANGUAGE_STANDARD = "gnu++0x";
				CLANG_CXX_LIBRARY = "libc++";
				CLANG_ENABLE_MODULES = YES;
				CLANG_ENABLE_OBJC_ARC = YES;
				CLANG_WARN_BOOL_CONVERSION = YES;
				CLANG_WARN_CONSTANT_CONVERSION = YES;
				CLANG_WARN_DIRECT_OBJC_ISA_USAGE = YES_ERROR;
				CLANG_WARN_EMPTY_BODY = YES;
				CLANG_WARN_ENUM_CONVERSION = YES;
				CLANG_WARN_INT_CONVERSION = YES;
				CLANG_WARN_OBJC_ROOT_CLASS = YES_ERROR;
				CLANG_WARN__DUPLICATE_METHOD_MATCH = YES;
				"CODE_SIGN_IDENTITY[sdk=iphoneos*]" = "iPhone Developer";
				COPY_PHASE_STRIP = YES;
				ENABLE_NS_ASSERTIONS = NO;
				GCC_C_LANGUAGE_STANDARD = gnu99;
				GCC_WARN_64_TO_32_BIT_CONVERSION = YES;
				GCC_WARN_ABOUT_RETURN_TYPE = YES_ERROR;
				GCC_WARN_UNDECLARED_SELECTOR = YES;
				GCC_WARN_UNINITIALIZED_AUTOS = YES_AGGRESSIVE;
				GCC_WARN_UNUSED_FUNCTION = YES;
				GCC_WARN_UNUSED_VARIABLE = YES;
				IPHONEOS_DEPLOYMENT_TARGET = 7.1;
				SDKROOT = iphoneos;
				VALIDATE_PRODUCT = YES;
			};
			name = Release;
		};
		CC183CE31974D5B6001C6E9C /* Debug */ = {
			isa = XCBuildConfiguration;
			buildSettings = {
				ASSETCATALOG_COMPILER_APPICON_NAME = AppIcon;
				ASSETCATALOG_COMPILER_LAUNCHIMAGE_NAME = LaunchImage;
				GCC_PRECOMPILE_PREFIX_HEADER = YES;
				GCC_PREFIX_HEADER = "JSONKitSample/JSONKitSample-Prefix.pch";
				INFOPLIST_FILE = "JSONKitSample/JSONKitSample-Info.plist";
				PRODUCT_NAME = "$(TARGET_NAME)";
				WRAPPER_EXTENSION = app;
			};
			name = Debug;
		};
		CC183CE41974D5B6001C6E9C /* Release */ = {
			isa = XCBuildConfiguration;
			buildSettings = {
				ASSETCATALOG_COMPILER_APPICON_NAME = AppIcon;
				ASSETCATALOG_COMPILER_LAUNCHIMAGE_NAME = LaunchImage;
				GCC_PRECOMPILE_PREFIX_HEADER = YES;
				GCC_PREFIX_HEADER = "JSONKitSample/JSONKitSample-Prefix.pch";
				INFOPLIST_FILE = "JSONKitSample/JSONKitSample-Info.plist";
				PRODUCT_NAME = "$(TARGET_NAME)";
				WRAPPER_EXTENSION = app;
			};
			name = Release;
		};
		CC183CE61974D5B6001C6E9C /* Debug */ = {
			isa = XCBuildConfiguration;
			buildSettings = {
				BUNDLE_LOADER = "$(BUILT_PRODUCTS_DIR)/JSONKitSample.app/JSONKitSample";
				FRAMEWORK_SEARCH_PATHS = (
					"$(SDKROOT)/Developer/Library/Frameworks",
					"$(inherited)",
					"$(DEVELOPER_FRAMEWORKS_DIR)",
				);
				GCC_PRECOMPILE_PREFIX_HEADER = YES;
				GCC_PREFIX_HEADER = "JSONKitSample/JSONKitSample-Prefix.pch";
				GCC_PREPROCESSOR_DEFINITIONS = (
					"DEBUG=1",
					"$(inherited)",
				);
				INFOPLIST_FILE = "JSONKitSampleTests/JSONKitSampleTests-Info.plist";
				PRODUCT_NAME = "$(TARGET_NAME)";
				TEST_HOST = "$(BUNDLE_LOADER)";
				WRAPPER_EXTENSION = xctest;
			};
			name = Debug;
		};
		CC183CE71974D5B6001C6E9C /* Release */ = {
			isa = XCBuildConfiguration;
			buildSettings = {
				BUNDLE_LOADER = "$(BUILT_PRODUCTS_DIR)/JSONKitSample.app/JSONKitSample";
				FRAMEWORK_SEARCH_PATHS = (
					"$(SDKROOT)/Developer/Library/Frameworks",
					"$(inherited)",
					"$(DEVELOPER_FRAMEWORKS_DIR)",
				);
				GCC_PRECOMPILE_PREFIX_HEADER = YES;
				GCC_PREFIX_HEADER = "JSONKitSample/JSONKitSample-Prefix.pch";
				INFOPLIST_FILE = "JSONKitSampleTests/JSONKitSampleTests-Info.plist";
				PRODUCT_NAME = "$(TARGET_NAME)";
				TEST_HOST = "$(BUNDLE_LOADER)";
				WRAPPER_EXTENSION = xctest;
			};
			name = Release;
		};
/* End XCBuildConfiguration section */

/* Begin XCConfigurationList section */
		CC183CAB1974D5B5001C6E9C /* Build configuration list for PBXProject "JSONKitSample" */ = {
			isa = XCConfigurationList;
			buildConfigurations = (
				CC183CE01974D5B6001C6E9C /* Debug */,
				CC183CE11974D5B6001C6E9C /* Release */,
			);
			defaultConfigurationIsVisible = 0;
			defaultConfigurationName = Release;
		};
		CC183CE21974D5B6001C6E9C /* Build configuration list for PBXNativeTarget "JSONKitSample" */ = {
			isa = XCConfigurationList;
			buildConfigurations = (
				CC183CE31974D5B6001C6E9C /* Debug */,
				CC183CE41974D5B6001C6E9C /* Release */,
			);
			defaultConfigurationIsVisible = 0;
		};
		CC183CE51974D5B6001C6E9C /* Build configuration list for PBXNativeTarget "JSONKitSampleTests" */ = {
			isa = XCConfigurationList;
			buildConfigurations = (
				CC183CE61974D5B6001C6E9C /* Debug */,
				CC183CE71974D5B6001C6E9C /* Release */,
			);
			defaultConfigurationIsVisible = 0;
		};
/* End XCConfigurationList section */
	};
	rootObject = CC183CA81974D5B5001C6E9C /* Project object */;
}
