// !$*UTF8*$!
{
	archiveVersion = 1;
	classes = {
	};
	objectVersion = 46;
	objects = {

/* Begin PBXBuildFile section */
		CCA343F019936028004FE830 /* Foundation.framework in Frameworks */ = {isa = PBXBuildFile; fileRef = CCA343EF19936028004FE830 /* Foundation.framework */; };
		CCA343F219936028004FE830 /* CoreGraphics.framework in Frameworks */ = {isa = PBXBuildFile; fileRef = CCA343F119936028004FE830 /* CoreGraphics.framework */; };
		CCA343F419936028004FE830 /* UIKit.framework in Frameworks */ = {isa = PBXBuildFile; fileRef = CCA343F319936028004FE830 /* UIKit.framework */; };
		CCA343FA19936028004FE830 /* InfoPlist.strings in Resources */ = {isa = PBXBuildFile; fileRef = CCA343F819936028004FE830 /* InfoPlist.strings */; };
		CCA343FC19936028004FE830 /* main.m in Sources */ = {isa = PBXBuildFile; fileRef = CCA343FB19936028004FE830 /* main.m */; };
		CCA3440019936028004FE830 /* AppDelegate.m in Sources */ = {isa = PBXBuildFile; fileRef = CCA343FF19936028004FE830 /* AppDelegate.m */; };
		CCA3440319936028004FE830 /* Main_iPhone.storyboard in Resources */ = {isa = PBXBuildFile; fileRef = CCA3440119936028004FE830 /* Main_iPhone.storyboard */; };
		CCA3440619936028004FE830 /* Main_iPad.storyboard in Resources */ = {isa = PBXBuildFile; fileRef = CCA3440419936028004FE830 /* Main_iPad.storyboard */; };
		CCA3440919936028004FE830 /* ViewController.m in Sources */ = {isa = PBXBuildFile; fileRef = CCA3440819936028004FE830 /* ViewController.m */; };
		CCA3440B19936028004FE830 /* Images.xcassets in Resources */ = {isa = PBXBuildFile; fileRef = CCA3440A19936028004FE830 /* Images.xcassets */; };
		CCA3441219936028004FE830 /* XCTest.framework in Frameworks */ = {isa = PBXBuildFile; fileRef = CCA3441119936028004FE830 /* XCTest.framework */; };
		CCA3441319936028004FE830 /* Foundation.framework in Frameworks */ = {isa = PBXBuildFile; fileRef = CCA343EF19936028004FE830 /* Foundation.framework */; };
		CCA3441419936028004FE830 /* UIKit.framework in Frameworks */ = {isa = PBXBuildFile; fileRef = CCA343F319936028004FE830 /* UIKit.framework */; };
		CCA3441C19936028004FE830 /* InfoPlist.strings in Resources */ = {isa = PBXBuildFile; fileRef = CCA3441A19936028004FE830 /* InfoPlist.strings */; };
		CCA3441E19936028004FE830 /* SQLiteSampleTests.m in Sources */ = {isa = PBXBuildFile; fileRef = CCA3441D19936028004FE830 /* SQLiteSampleTests.m */; };
		CCA3442819936077004FE830 /* qingyun.sqlite in Resources */ = {isa = PBXBuildFile; fileRef = CCA3442719936077004FE830 /* qingyun.sqlite */; };
		CCA3442A19936101004FE830 /* libsqlite3.dylib in Frameworks */ = {isa = PBXBuildFile; fileRef = CCA3442919936101004FE830 /* libsqlite3.dylib */; };
/* End PBXBuildFile section */

/* Begin PBXContainerItemProxy section */
		CCA3441519936028004FE830 /* PBXContainerItemProxy */ = {
			isa = PBXContainerItemProxy;
			containerPortal = CCA343E419936028004FE830 /* Project object */;
			proxyType = 1;
			remoteGlobalIDString = CCA343EB19936028004FE830;
			remoteInfo = SQLiteSample;
		};
/* End PBXContainerItemProxy section */

/* Begin PBXFileReference section */
		CCA343EC19936028004FE830 /* SQLiteSample.app */ = {isa = PBXFileReference; explicitFileType = wrapper.application; includeInIndex = 0; path = SQLiteSample.app; sourceTree = BUILT_PRODUCTS_DIR; };
		CCA343EF19936028004FE830 /* Foundation.framework */ = {isa = PBXFileReference; lastKnownFileType = wrapper.framework; name = Foundation.framework; path = System/Library/Frameworks/Foundation.framework; sourceTree = SDKROOT; };
		CCA343F119936028004FE830 /* CoreGraphics.framework */ = {isa = PBXFileReference; lastKnownFileType = wrapper.framework; name = CoreGraphics.framework; path = System/Library/Frameworks/CoreGraphics.framework; sourceTree = SDKROOT; };
		CCA343F319936028004FE830 /* UIKit.framework */ = {isa = PBXFileReference; lastKnownFileType = wrapper.framework; name = UIKit.framework; path = System/Library/Frameworks/UIKit.framework; sourceTree = SDKROOT; };
		CCA343F719936028004FE830 /* SQLiteSample-Info.plist */ = {isa = PBXFileReference; lastKnownFileType = text.plist.xml; path = "SQLiteSample-Info.plist"; sourceTree = "<group>"; };
		CCA343F919936028004FE830 /* en */ = {isa = PBXFileReference; lastKnownFileType = text.plist.strings; name = en; path = en.lproj/InfoPlist.strings; sourceTree = "<group>"; };
		CCA343FB19936028004FE830 /* main.m */ = {isa = PBXFileReference; lastKnownFileType = sourcecode.c.objc; path = main.m; sourceTree = "<group>"; };
		CCA343FD19936028004FE830 /* SQLiteSample-Prefix.pch */ = {isa = PBXFileReference; lastKnownFileType = sourcecode.c.h; path = "SQLiteSample-Prefix.pch"; sourceTree = "<group>"; };
		CCA343FE19936028004FE830 /* AppDelegate.h */ = {isa = PBXFileReference; lastKnownFileType = sourcecode.c.h; path = AppDelegate.h; sourceTree = "<group>"; };
		CCA343FF19936028004FE830 /* AppDelegate.m */ = {isa = PBXFileReference; lastKnownFileType = sourcecode.c.objc; path = AppDelegate.m; sourceTree = "<group>"; };
		CCA3440219936028004FE830 /* Base */ = {isa = PBXFileReference; lastKnownFileType = file.storyboard; name = Base; path = Base.lproj/Main_iPhone.storyboard; sourceTree = "<group>"; };
		CCA3440519936028004FE830 /* Base */ = {isa = PBXFileReference; lastKnownFileType = file.storyboard; name = Base; path = Base.lproj/Main_iPad.storyboard; sourceTree = "<group>"; };
		CCA3440719936028004FE830 /* ViewController.h */ = {isa = PBXFileReference; lastKnownFileType = sourcecode.c.h; path = ViewController.h; sourceTree = "<group>"; };
		CCA3440819936028004FE830 /* ViewController.m */ = {isa = PBXFileReference; lastKnownFileType = sourcecode.c.objc; path = ViewController.m; sourceTree = "<group>"; };
		CCA3440A19936028004FE830 /* Images.xcassets */ = {isa = PBXFileReference; lastKnownFileType = folder.assetcatalog; path = Images.xcassets; sourceTree = "<group>"; };
		CCA3441019936028004FE830 /* SQLiteSampleTests.xctest */ = {isa = PBXFileReference; explicitFileType = wrapper.cfbundle; includeInIndex = 0; path = SQLiteSampleTests.xctest; sourceTree = BUILT_PRODUCTS_DIR; };
		CCA3441119936028004FE830 /* XCTest.framework */ = {isa = PBXFileReference; lastKnownFileType = wrapper.framework; name = XCTest.framework; path = Library/Frameworks/XCTest.framework; sourceTree = DEVELOPER_DIR; };
		CCA3441919936028004FE830 /* SQLiteSampleTests-Info.plist */ = {isa = PBXFileReference; lastKnownFileType = text.plist.xml; path = "SQLiteSampleTests-Info.plist"; sourceTree = "<group>"; };
		CCA3441B19936028004FE830 /* en */ = {isa = PBXFileReference; lastKnownFileType = text.plist.strings; name = en; path = en.lproj/InfoPlist.strings; sourceTree = "<group>"; };
		CCA3441D19936028004FE830 /* SQLiteSampleTests.m */ = {isa = PBXFileReference; lastKnownFileType = sourcecode.c.objc; path = SQLiteSampleTests.m; sourceTree = "<group>"; };
		CCA3442719936077004FE830 /* qingyun.sqlite */ = {isa = PBXFileReference; lastKnownFileType = file; path = qingyun.sqlite; sourceTree = "<group>"; };
		CCA3442919936101004FE830 /* libsqlite3.dylib */ = {isa = PBXFileReference; lastKnownFileType = "compiled.mach-o.dylib"; name = libsqlite3.dylib; path = usr/lib/libsqlite3.dylib; sourceTree = SDKROOT; };
/* End PBXFileReference section */

/* Begin PBXFrameworksBuildPhase section */
		CCA343E919936028004FE830 /* Frameworks */ = {
			isa = PBXFrameworksBuildPhase;
			buildActionMask = 2147483647;
			files = (
				CCA3442A19936101004FE830 /* libsqlite3.dylib in Frameworks */,
				CCA343F219936028004FE830 /* CoreGraphics.framework in Frameworks */,
				CCA343F419936028004FE830 /* UIKit.framework in Frameworks */,
				CCA343F019936028004FE830 /* Foundation.framework in Frameworks */,
			);
			runOnlyForDeploymentPostprocessing = 0;
		};
		CCA3440D19936028004FE830 /* Frameworks */ = {
			isa = PBXFrameworksBuildPhase;
			buildActionMask = 2147483647;
			files = (
				CCA3441219936028004FE830 /* XCTest.framework in Frameworks */,
				CCA3441419936028004FE830 /* UIKit.framework in Frameworks */,
				CCA3441319936028004FE830 /* Foundation.framework in Frameworks */,
			);
			runOnlyForDeploymentPostprocessing = 0;
		};
/* End PBXFrameworksBuildPhase section */

/* Begin PBXGroup section */
		CCA343E319936028004FE830 = {
			isa = PBXGroup;
			children = (
				CCA343F519936028004FE830 /* SQLiteSample */,
				CCA3441719936028004FE830 /* SQLiteSampleTests */,
				CCA343EE19936028004FE830 /* Frameworks */,
				CCA343ED19936028004FE830 /* Products */,
			);
			sourceTree = "<group>";
		};
		CCA343ED19936028004FE830 /* Products */ = {
			isa = PBXGroup;
			children = (
				CCA343EC19936028004FE830 /* SQLiteSample.app */,
				CCA3441019936028004FE830 /* SQLiteSampleTests.xctest */,
			);
			name = Products;
			sourceTree = "<group>";
		};
		CCA343EE19936028004FE830 /* Frameworks */ = {
			isa = PBXGroup;
			children = (
				CCA3442919936101004FE830 /* libsqlite3.dylib */,
				CCA343EF19936028004FE830 /* Foundation.framework */,
				CCA343F119936028004FE830 /* CoreGraphics.framework */,
				CCA343F319936028004FE830 /* UIKit.framework */,
				CCA3441119936028004FE830 /* XCTest.framework */,
			);
			name = Frameworks;
			sourceTree = "<group>";
		};
		CCA343F519936028004FE830 /* SQLiteSample */ = {
			isa = PBXGroup;
			children = (
				CCA343FE19936028004FE830 /* AppDelegate.h */,
				CCA343FF19936028004FE830 /* AppDelegate.m */,
				CCA3440119936028004FE830 /* Main_iPhone.storyboard */,
				CCA3440419936028004FE830 /* Main_iPad.storyboard */,
				CCA3440719936028004FE830 /* ViewController.h */,
				CCA3440819936028004FE830 /* ViewController.m */,
				CCA3440A19936028004FE830 /* Images.xcassets */,
				CCA343F619936028004FE830 /* Supporting Files */,
			);
			path = SQLiteSample;
			sourceTree = "<group>";
		};
		CCA343F619936028004FE830 /* Supporting Files */ = {
			isa = PBXGroup;
			children = (
				CCA3442719936077004FE830 /* qingyun.sqlite */,
				CCA343F719936028004FE830 /* SQLiteSample-Info.plist */,
				CCA343F819936028004FE830 /* InfoPlist.strings */,
				CCA343FB19936028004FE830 /* main.m */,
				CCA343FD19936028004FE830 /* SQLiteSample-Prefix.pch */,
			);
			name = "Supporting Files";
			sourceTree = "<group>";
		};
		CCA3441719936028004FE830 /* SQLiteSampleTests */ = {
			isa = PBXGroup;
			children = (
				CCA3441D19936028004FE830 /* SQLiteSampleTests.m */,
				CCA3441819936028004FE830 /* Supporting Files */,
			);
			path = SQLiteSampleTests;
			sourceTree = "<group>";
		};
		CCA3441819936028004FE830 /* Supporting Files */ = {
			isa = PBXGroup;
			children = (
				CCA3441919936028004FE830 /* SQLiteSampleTests-Info.plist */,
				CCA3441A19936028004FE830 /* InfoPlist.strings */,
			);
			name = "Supporting Files";
			sourceTree = "<group>";
		};
/* End PBXGroup section */

/* Begin PBXNativeTarget section */
		CCA343EB19936028004FE830 /* SQLiteSample */ = {
			isa = PBXNativeTarget;
			buildConfigurationList = CCA3442119936028004FE830 /* Build configuration list for PBXNativeTarget "SQLiteSample" */;
			buildPhases = (
				CCA343E819936028004FE830 /* Sources */,
				CCA343E919936028004FE830 /* Frameworks */,
				CCA343EA19936028004FE830 /* Resources */,
			);
			buildRules = (
			);
			dependencies = (
			);
			name = SQLiteSample;
			productName = SQLiteSample;
			productReference = CCA343EC19936028004FE830 /* SQLiteSample.app */;
			productType = "com.apple.product-type.application";
		};
		CCA3440F19936028004FE830 /* SQLiteSampleTests */ = {
			isa = PBXNativeTarget;
			buildConfigurationList = CCA3442419936028004FE830 /* Build configuration list for PBXNativeTarget "SQLiteSampleTests" */;
			buildPhases = (
				CCA3440C19936028004FE830 /* Sources */,
				CCA3440D19936028004FE830 /* Frameworks */,
				CCA3440E19936028004FE830 /* Resources */,
			);
			buildRules = (
			);
			dependencies = (
				CCA3441619936028004FE830 /* PBXTargetDependency */,
			);
			name = SQLiteSampleTests;
			productName = SQLiteSampleTests;
			productReference = CCA3441019936028004FE830 /* SQLiteSampleTests.xctest */;
			productType = "com.apple.product-type.bundle.unit-test";
		};
/* End PBXNativeTarget section */

/* Begin PBXProject section */
		CCA343E419936028004FE830 /* Project object */ = {
			isa = PBXProject;
			attributes = {
				LastUpgradeCheck = 0510;
				ORGANIZATIONNAME = "河南青云信息技术有限公司";
				TargetAttributes = {
					CCA3440F19936028004FE830 = {
						TestTargetID = CCA343EB19936028004FE830;
					};
				};
			};
			buildConfigurationList = CCA343E719936028004FE830 /* Build configuration list for PBXProject "SQLiteSample" */;
			compatibilityVersion = "Xcode 3.2";
			developmentRegion = English;
			hasScannedForEncodings = 0;
			knownRegions = (
				en,
				Base,
			);
			mainGroup = CCA343E319936028004FE830;
			productRefGroup = CCA343ED19936028004FE830 /* Products */;
			projectDirPath = "";
			projectRoot = "";
			targets = (
				CCA343EB19936028004FE830 /* SQLiteSample */,
				CCA3440F19936028004FE830 /* SQLiteSampleTests */,
			);
		};
/* End PBXProject section */

/* Begin PBXResourcesBuildPhase section */
		CCA343EA19936028004FE830 /* Resources */ = {
			isa = PBXResourcesBuildPhase;
			buildActionMask = 2147483647;
			files = (
				CCA3440619936028004FE830 /* Main_iPad.storyboard in Resources */,
				CCA3440B19936028004FE830 /* Images.xcassets in Resources */,
				CCA3442819936077004FE830 /* qingyun.sqlite in Resources */,
				CCA3440319936028004FE830 /* Main_iPhone.storyboard in Resources */,
				CCA343FA19936028004FE830 /* InfoPlist.strings in Resources */,
			);
			runOnlyForDeploymentPostprocessing = 0;
		};
		CCA3440E19936028004FE830 /* Resources */ = {
			isa = PBXResourcesBuildPhase;
			buildActionMask = 2147483647;
			files = (
				CCA3441C19936028004FE830 /* InfoPlist.strings in Resources */,
			);
			runOnlyForDeploymentPostprocessing = 0;
		};
/* End PBXResourcesBuildPhase section */

/* Begin PBXSourcesBuildPhase section */
		CCA343E819936028004FE830 /* Sources */ = {
			isa = PBXSourcesBuildPhase;
			buildActionMask = 2147483647;
			files = (
				CCA3440919936028004FE830 /* ViewController.m in Sources */,
				CCA3440019936028004FE830 /* AppDelegate.m in Sources */,
				CCA343FC19936028004FE830 /* main.m in Sources */,
			);
			runOnlyForDeploymentPostprocessing = 0;
		};
		CCA3440C19936028004FE830 /* Sources */ = {
			isa = PBXSourcesBuildPhase;
			buildActionMask = 2147483647;
			files = (
				CCA3441E19936028004FE830 /* SQLiteSampleTests.m in Sources */,
			);
			runOnlyForDeploymentPostprocessing = 0;
		};
/* End PBXSourcesBuildPhase section */

/* Begin PBXTargetDependency section */
		CCA3441619936028004FE830 /* PBXTargetDependency */ = {
			isa = PBXTargetDependency;
			target = CCA343EB19936028004FE830 /* SQLiteSample */;
			targetProxy = CCA3441519936028004FE830 /* PBXContainerItemProxy */;
		};
/* End PBXTargetDependency section */

/* Begin PBXVariantGroup section */
		CCA343F819936028004FE830 /* InfoPlist.strings */ = {
			isa = PBXVariantGroup;
			children = (
				CCA343F919936028004FE830 /* en */,
			);
			name = InfoPlist.strings;
			sourceTree = "<group>";
		};
		CCA3440119936028004FE830 /* Main_iPhone.storyboard */ = {
			isa = PBXVariantGroup;
			children = (
				CCA3440219936028004FE830 /* Base */,
			);
			name = Main_iPhone.storyboard;
			sourceTree = "<group>";
		};
		CCA3440419936028004FE830 /* Main_iPad.storyboard */ = {
			isa = PBXVariantGroup;
			children = (
				CCA3440519936028004FE830 /* Base */,
			);
			name = Main_iPad.storyboard;
			sourceTree = "<group>";
		};
		CCA3441A19936028004FE830 /* InfoPlist.strings */ = {
			isa = PBXVariantGroup;
			children = (
				CCA3441B19936028004FE830 /* en */,
			);
			name = InfoPlist.strings;
			sourceTree = "<group>";
		};
/* End PBXVariantGroup section */

/* Begin XCBuildConfiguration section */
		CCA3441F19936028004FE830 /* Debug */ = {
			isa = XCBuildConfiguration;
			buildSettings = {
				ALWAYS_SEARCH_USER_PATHS = NO;
				CLANG_CXX_LANGUAGE_STANDARD = "gnu++0x";
				CLANG_CXX_LIBRARY = "libc++";
				CLANG_ENABLE_MODULES = YES;
				CLANG_ENABLE_OBJC_ARC = YES;
				CLANG_WARN_BOOL_CONVERSION = YES;
				CLANG_WARN_CONSTANT_CONVERSION = YES;
				CLANG_WARN_DIRECT_OBJC_ISA_USAGE = YES_ERROR;
				CLANG_WARN_EMPTY_BODY = YES;
				CLANG_WARN_ENUM_CONVERSION = YES;
				CLANG_WARN_INT_CONVERSION = YES;
				CLANG_WARN_OBJC_ROOT_CLASS = YES_ERROR;
				CLANG_WARN__DUPLICATE_METHOD_MATCH = YES;
				"CODE_SIGN_IDENTITY[sdk=iphoneos*]" = "iPhone Developer";
				COPY_PHASE_STRIP = NO;
				GCC_C_LANGUAGE_STANDARD = gnu99;
				GCC_DYNAMIC_NO_PIC = NO;
				GCC_OPTIMIZATION_LEVEL = 0;
				GCC_PREPROCESSOR_DEFINITIONS = (
					"DEBUG=1",
					"$(inherited)",
				);
				GCC_SYMBOLS_PRIVATE_EXTERN = NO;
				GCC_WARN_64_TO_32_BIT_CONVERSION = YES;
				GCC_WARN_ABOUT_RETURN_TYPE = YES_ERROR;
				GCC_WARN_UNDECLARED_SELECTOR = YES;
				GCC_WARN_UNINITIALIZED_AUTOS = YES_AGGRESSIVE;
				GCC_WARN_UNUSED_FUNCTION = YES;
				GCC_WARN_UNUSED_VARIABLE = YES;
				IPHONEOS_DEPLOYMENT_TARGET = 7.1;
				ONLY_ACTIVE_ARCH = YES;
				SDKROOT = iphoneos;
				TARGETED_DEVICE_FAMILY = "1,2";
			};
			name = Debug;
		};
		CCA3442019936028004FE830 /* Release */ = {
			isa = XCBuildConfiguration;
			buildSettings = {
				ALWAYS_SEARCH_USER_PATHS = NO;
				CLANG_CXX_LANGUAGE_STANDARD = "gnu++0x";
				CLANG_CXX_LIBRARY = "libc++";
				CLANG_ENABLE_MODULES = YES;
				CLANG_ENABLE_OBJC_ARC = YES;
				CLANG_WARN_BOOL_CONVERSION = YES;
				CLANG_WARN_CONSTANT_CONVERSION = YES;
				CLANG_WARN_DIRECT_OBJC_ISA_USAGE = YES_ERROR;
				CLANG_WARN_EMPTY_BODY = YES;
				CLANG_WARN_ENUM_CONVERSION = YES;
				CLANG_WARN_INT_CONVERSION = YES;
				CLANG_WARN_OBJC_ROOT_CLASS = YES_ERROR;
				CLANG_WARN__DUPLICATE_METHOD_MATCH = YES;
				"CODE_SIGN_IDENTITY[sdk=iphoneos*]" = "iPhone Developer";
				COPY_PHASE_STRIP = YES;
				ENABLE_NS_ASSERTIONS = NO;
				GCC_C_LANGUAGE_STANDARD = gnu99;
				GCC_WARN_64_TO_32_BIT_CONVERSION = YES;
				GCC_WARN_ABOUT_RETURN_TYPE = YES_ERROR;
				GCC_WARN_UNDECLARED_SELECTOR = YES;
				GCC_WARN_UNINITIALIZED_AUTOS = YES_AGGRESSIVE;
				GCC_WARN_UNUSED_FUNCTION = YES;
				GCC_WARN_UNUSED_VARIABLE = YES;
				IPHONEOS_DEPLOYMENT_TARGET = 7.1;
				SDKROOT = iphoneos;
				TARGETED_DEVICE_FAMILY = "1,2";
				VALIDATE_PRODUCT = YES;
			};
			name = Release;
		};
		CCA3442219936028004FE830 /* Debug */ = {
			isa = XCBuildConfiguration;
			buildSettings = {
				ASSETCATALOG_COMPILER_APPICON_NAME = AppIcon;
				ASSETCATALOG_COMPILER_LAUNCHIMAGE_NAME = LaunchImage;
				GCC_PRECOMPILE_PREFIX_HEADER = YES;
				GCC_PREFIX_HEADER = "SQLiteSample/SQLiteSample-Prefix.pch";
				INFOPLIST_FILE = "SQLiteSample/SQLiteSample-Info.plist";
				PRODUCT_NAME = "$(TARGET_NAME)";
				WRAPPER_EXTENSION = app;
			};
			name = Debug;
		};
		CCA3442319936028004FE830 /* Release */ = {
			isa = XCBuildConfiguration;
			buildSettings = {
				ASSETCATALOG_COMPILER_APPICON_NAME = AppIcon;
				ASSETCATALOG_COMPILER_LAUNCHIMAGE_NAME = LaunchImage;
				GCC_PRECOMPILE_PREFIX_HEADER = YES;
				GCC_PREFIX_HEADER = "SQLiteSample/SQLiteSample-Prefix.pch";
				INFOPLIST_FILE = "SQLiteSample/SQLiteSample-Info.plist";
				PRODUCT_NAME = "$(TARGET_NAME)";
				WRAPPER_EXTENSION = app;
			};
			name = Release;
		};
		CCA3442519936028004FE830 /* Debug */ = {
			isa = XCBuildConfiguration;
			buildSettings = {
				BUNDLE_LOADER = "$(BUILT_PRODUCTS_DIR)/SQLiteSample.app/SQLiteSample";
				FRAMEWORK_SEARCH_PATHS = (
					"$(SDKROOT)/Developer/Library/Frameworks",
					"$(inherited)",
					"$(DEVELOPER_FRAMEWORKS_DIR)",
				);
				GCC_PRECOMPILE_PREFIX_HEADER = YES;
				GCC_PREFIX_HEADER = "SQLiteSample/SQLiteSample-Prefix.pch";
				GCC_PREPROCESSOR_DEFINITIONS = (
					"DEBUG=1",
					"$(inherited)",
				);
				INFOPLIST_FILE = "SQLiteSampleTests/SQLiteSampleTests-Info.plist";
				PRODUCT_NAME = "$(TARGET_NAME)";
				TEST_HOST = "$(BUNDLE_LOADER)";
				WRAPPER_EXTENSION = xctest;
			};
			name = Debug;
		};
		CCA3442619936028004FE830 /* Release */ = {
			isa = XCBuildConfiguration;
			buildSettings = {
				BUNDLE_LOADER = "$(BUILT_PRODUCTS_DIR)/SQLiteSample.app/SQLiteSample";
				FRAMEWORK_SEARCH_PATHS = (
					"$(SDKROOT)/Developer/Library/Frameworks",
					"$(inherited)",
					"$(DEVELOPER_FRAMEWORKS_DIR)",
				);
				GCC_PRECOMPILE_PREFIX_HEADER = YES;
				GCC_PREFIX_HEADER = "SQLiteSample/SQLiteSample-Prefix.pch";
				INFOPLIST_FILE = "SQLiteSampleTests/SQLiteSampleTests-Info.plist";
				PRODUCT_NAME = "$(TARGET_NAME)";
				TEST_HOST = "$(BUNDLE_LOADER)";
				WRAPPER_EXTENSION = xctest;
			};
			name = Release;
		};
/* End XCBuildConfiguration section */

/* Begin XCConfigurationList section */
		CCA343E719936028004FE830 /* Build configuration list for PBXProject "SQLiteSample" */ = {
			isa = XCConfigurationList;
			buildConfigurations = (
				CCA3441F19936028004FE830 /* Debug */,
				CCA3442019936028004FE830 /* Release */,
			);
			defaultConfigurationIsVisible = 0;
			defaultConfigurationName = Release;
		};
		CCA3442119936028004FE830 /* Build configuration list for PBXNativeTarget "SQLiteSample" */ = {
			isa = XCConfigurationList;
			buildConfigurations = (
				CCA3442219936028004FE830 /* Debug */,
				CCA3442319936028004FE830 /* Release */,
			);
			defaultConfigurationIsVisible = 0;
		};
		CCA3442419936028004FE830 /* Build configuration list for PBXNativeTarget "SQLiteSampleTests" */ = {
			isa = XCConfigurationList;
			buildConfigurations = (
				CCA3442519936028004FE830 /* Debug */,
				CCA3442619936028004FE830 /* Release */,
			);
			defaultConfigurationIsVisible = 0;
		};
/* End XCConfigurationList section */
	};
	rootObject = CCA343E419936028004FE830 /* Project object */;
}
